
Microsoft Visual Studio Solution File, Format Version 12.00
Project("{FAE04EC0-301F-11D3-BF4B-00C04F79EFBC}") = "Lab2", "Lab2\Lab2.csproj", "{A98E71A1-8B62-4BAD-B8E5-16DC18FE25D7}"
EndProject
Project("{FAE04EC0-301F-11D3-BF4B-00C04F79EFBC}") = "Tests", "Tests\Tests.csproj", "{373D5CEF-A5C1-4C31-833F-2F742D1E971A}"
EndProject
Project("{FAE04EC0-301F-11D3-BF4B-00C04F79EFBC}") = "Hanoi", "Hanoi\Hanoi.csproj", "{B7F9CE04-53F7-4ADF-8AD8-3D4E3C9AB69B}"
EndProject
Global
	GlobalSection(SolutionConfigurationPlatforms) = preSolution
		Debug|Any CPU = Debug|Any CPU
		Release|Any CPU = Release|Any CPU
	EndGlobalSection
	GlobalSection(ProjectConfigurationPlatforms) = postSolution
		{A98E71A1-8B62-4BAD-B8E5-16DC18FE25D7}.Debug|Any CPU.ActiveCfg = Debug|Any CPU
		{A98E71A1-8B62-4BAD-B8E5-16DC18FE25D7}.Debug|Any CPU.Build.0 = Debug|Any CPU
		{A98E71A1-8B62-4BAD-B8E5-16DC18FE25D7}.Release|Any CPU.ActiveCfg = Release|Any CPU
		{A98E71A1-8B62-4BAD-B8E5-16DC18FE25D7}.Release|Any CPU.Build.0 = Release|Any CPU
		{373D5CEF-A5C1-4C31-833F-2F742D1E971A}.Debug|Any CPU.ActiveCfg = Debug|Any CPU
		{373D5CEF-A5C1-4C31-833F-2F742D1E971A}.Debug|Any CPU.Build.0 = Debug|Any CPU
		{373D5CEF-A5C1-4C31-833F-2F742D1E971A}.Release|Any CPU.ActiveCfg = Release|Any CPU
		{373D5CEF-A5C1-4C31-833F-2F742D1E971A}.Release|Any CPU.Build.0 = Release|Any CPU
		{B7F9CE04-53F7-4ADF-8AD8-3D4E3C9AB69B}.Debug|Any CPU.ActiveCfg = Debug|Any CPU
		{B7F9CE04-53F7-4ADF-8AD8-3D4E3C9AB69B}.Debug|Any CPU.Build.0 = Debug|Any CPU
		{B7F9CE04-53F7-4ADF-8AD8-3D4E3C9AB69B}.Release|Any CPU.ActiveCfg = Release|Any CPU
		{B7F9CE04-53F7-4ADF-8AD8-3D4E3C9AB69B}.Release|Any CPU.Build.0 = Release|Any CPU
	EndGlobalSection
EndGlobal
